// !$*UTF8*$!
{
	archiveVersion = 1;
	classes = {
	};
	objectVersion = 50;
	objects = {

/* Begin PBXBuildFile section */
		C4D511F0221BA2DF00DBD06B /* AppDelegate.m in Sources */ = {isa = PBXBuildFile; fileRef = C4D511EF221BA2DF00DBD06B /* AppDelegate.m */; };
		C4D511F3221BA2DF00DBD06B /* ViewController.m in Sources */ = {isa = PBXBuildFile; fileRef = C4D511F2221BA2DF00DBD06B /* ViewController.m */; };
		C4D511F6221BA2DF00DBD06B /* Main.storyboard in Resources */ = {isa = PBXBuildFile; fileRef = C4D511F4221BA2DF00DBD06B /* Main.storyboard */; };
		C4D511F8221BA2E700DBD06B /* Assets.xcassets in Resources */ = {isa = PBXBuildFile; fileRef = C4D511F7221BA2E700DBD06B /* Assets.xcassets */; };
		C4D511FB221BA2E700DBD06B /* LaunchScreen.storyboard in Resources */ = {isa = PBXBuildFile; fileRef = C4D511F9221BA2E700DBD06B /* LaunchScreen.storyboard */; };
		C4D511FE221BA2E700DBD06B /* main.m in Sources */ = {isa = PBXBuildFile; fileRef = C4D511FD221BA2E700DBD06B /* main.m */; };
		C4D51206221BA31800DBD06B /* BFsSQLiteAssistant.m in Sources */ = {isa = PBXBuildFile; fileRef = C4D51205221BA31800DBD06B /* BFsSQLiteAssistant.m */; };
		C4D5120A221BA95C00DBD06B /* BFsSQLiteModel.m in Sources */ = {isa = PBXBuildFile; fileRef = C4D51209221BA95C00DBD06B /* BFsSQLiteModel.m */; };
		C4D51212221BB15D00DBD06B /* libsqlite3.0.tbd in Frameworks */ = {isa = PBXBuildFile; fileRef = C4D5120C221BAD9400DBD06B /* libsqlite3.0.tbd */; };
		C4D51230221BD89E00DBD06B /* BFsSchool.xcdatamodeld in Sources */ = {isa = PBXBuildFile; fileRef = C4D5122E221BD89E00DBD06B /* BFsSchool.xcdatamodeld */; };
		C4D51247221BDB1D00DBD06B /* Person+CoreDataClass.m in Sources */ = {isa = PBXBuildFile; fileRef = C4D51244221BDB1D00DBD06B /* Person+CoreDataClass.m */; };
		C4D51248221BDB1D00DBD06B /* Person+CoreDataProperties.m in Sources */ = {isa = PBXBuildFile; fileRef = C4D51246221BDB1D00DBD06B /* Person+CoreDataProperties.m */; };
		C4D5124E221BDBE400DBD06B /* Teacher+CoreDataClass.m in Sources */ = {isa = PBXBuildFile; fileRef = C4D5124B221BDBE400DBD06B /* Teacher+CoreDataClass.m */; };
		C4D5124F221BDBE400DBD06B /* Teacher+CoreDataProperties.m in Sources */ = {isa = PBXBuildFile; fileRef = C4D5124D221BDBE400DBD06B /* Teacher+CoreDataProperties.m */; };
/* End PBXBuildFile section */

/* Begin PBXFileReference section */
		C4D511EB221BA2DF00DBD06B /* BFSSQLite.app */ = {isa = PBXFileReference; explicitFileType = wrapper.application; includeInIndex = 0; path = BFSSQLite.app; sourceTree = BUILT_PRODUCTS_DIR; };
		C4D511EE221BA2DF00DBD06B /* AppDelegate.h */ = {isa = PBXFileReference; lastKnownFileType = sourcecode.c.h; path = AppDelegate.h; sourceTree = "<group>"; };
		C4D511EF221BA2DF00DBD06B /* AppDelegate.m */ = {isa = PBXFileReference; lastKnownFileType = sourcecode.c.objc; path = AppDelegate.m; sourceTree = "<group>"; };
		C4D511F1221BA2DF00DBD06B /* ViewController.h */ = {isa = PBXFileReference; lastKnownFileType = sourcecode.c.h; path = ViewController.h; sourceTree = "<group>"; };
		C4D511F2221BA2DF00DBD06B /* ViewController.m */ = {isa = PBXFileReference; lastKnownFileType = sourcecode.c.objc; path = ViewController.m; sourceTree = "<group>"; };
		C4D511F5221BA2DF00DBD06B /* Base */ = {isa = PBXFileReference; lastKnownFileType = file.storyboard; name = Base; path = Base.lproj/Main.storyboard; sourceTree = "<group>"; };
		C4D511F7221BA2E700DBD06B /* Assets.xcassets */ = {isa = PBXFileReference; lastKnownFileType = folder.assetcatalog; path = Assets.xcassets; sourceTree = "<group>"; };
		C4D511FA221BA2E700DBD06B /* Base */ = {isa = PBXFileReference; lastKnownFileType = file.storyboard; name = Base; path = Base.lproj/LaunchScreen.storyboard; sourceTree = "<group>"; };
		C4D511FC221BA2E700DBD06B /* Info.plist */ = {isa = PBXFileReference; lastKnownFileType = text.plist.xml; path = Info.plist; sourceTree = "<group>"; };
		C4D511FD221BA2E700DBD06B /* main.m */ = {isa = PBXFileReference; lastKnownFileType = sourcecode.c.objc; path = main.m; sourceTree = "<group>"; };
		C4D51204221BA31800DBD06B /* BFsSQLiteAssistant.h */ = {isa = PBXFileReference; lastKnownFileType = sourcecode.c.h; path = BFsSQLiteAssistant.h; sourceTree = "<group>"; };
		C4D51205221BA31800DBD06B /* BFsSQLiteAssistant.m */ = {isa = PBXFileReference; lastKnownFileType = sourcecode.c.objc; path = BFsSQLiteAssistant.m; sourceTree = "<group>"; };
		C4D51208221BA95C00DBD06B /* BFsSQLiteModel.h */ = {isa = PBXFileReference; lastKnownFileType = sourcecode.c.h; path = BFsSQLiteModel.h; sourceTree = "<group>"; };
		C4D51209221BA95C00DBD06B /* BFsSQLiteModel.m */ = {isa = PBXFileReference; lastKnownFileType = sourcecode.c.objc; path = BFsSQLiteModel.m; sourceTree = "<group>"; };
		C4D5120C221BAD9400DBD06B /* libsqlite3.0.tbd */ = {isa = PBXFileReference; lastKnownFileType = "sourcecode.text-based-dylib-definition"; name = libsqlite3.0.tbd; path = usr/lib/libsqlite3.0.tbd; sourceTree = SDKROOT; };
		C4D5120E221BB0ED00DBD06B /* libsqlite3.tbd */ = {isa = PBXFileReference; lastKnownFileType = "sourcecode.text-based-dylib-definition"; name = libsqlite3.tbd; path = usr/lib/libsqlite3.tbd; sourceTree = SDKROOT; };
		C4D5122F221BD89E00DBD06B /* BFsSchool.xcdatamodel */ = {isa = PBXFileReference; lastKnownFileType = wrapper.xcdatamodel; path = BFsSchool.xcdatamodel; sourceTree = "<group>"; };
		C4D51243221BDB1D00DBD06B /* Person+CoreDataClass.h */ = {isa = PBXFileReference; lastKnownFileType = sourcecode.c.h; path = "Person+CoreDataClass.h"; sourceTree = "<group>"; };
		C4D51244221BDB1D00DBD06B /* Person+CoreDataClass.m */ = {isa = PBXFileReference; lastKnownFileType = sourcecode.c.objc; path = "Person+CoreDataClass.m"; sourceTree = "<group>"; };
		C4D51245221BDB1D00DBD06B /* Person+CoreDataProperties.h */ = {isa = PBXFileReference; lastKnownFileType = sourcecode.c.h; path = "Person+CoreDataProperties.h"; sourceTree = "<group>"; };
		C4D51246221BDB1D00DBD06B /* Person+CoreDataProperties.m */ = {isa = PBXFileReference; lastKnownFileType = sourcecode.c.objc; path = "Person+CoreDataProperties.m"; sourceTree = "<group>"; };
		C4D51249221BDB7700DBD06B /* BFsSchool 2.xcdatamodel */ = {isa = PBXFileReference; lastKnownFileType = wrapper.xcdatamodel; path = "BFsSchool 2.xcdatamodel"; sourceTree = "<group>"; };
		C4D5124A221BDBE400DBD06B /* Teacher+CoreDataClass.h */ = {isa = PBXFileReference; lastKnownFileType = sourcecode.c.h; path = "Teacher+CoreDataClass.h"; sourceTree = "<group>"; };
		C4D5124B221BDBE400DBD06B /* Teacher+CoreDataClass.m */ = {isa = PBXFileReference; lastKnownFileType = sourcecode.c.objc; path = "Teacher+CoreDataClass.m"; sourceTree = "<group>"; };
		C4D5124C221BDBE400DBD06B /* Teacher+CoreDataProperties.h */ = {isa = PBXFileReference; lastKnownFileType = sourcecode.c.h; path = "Teacher+CoreDataProperties.h"; sourceTree = "<group>"; };
		C4D5124D221BDBE400DBD06B /* Teacher+CoreDataProperties.m */ = {isa = PBXFileReference; lastKnownFileType = sourcecode.c.objc; path = "Teacher+CoreDataProperties.m"; sourceTree = "<group>"; };
/* End PBXFileReference section */

/* Begin PBXFrameworksBuildPhase section */
		C4D511E8221BA2DF00DBD06B /* Frameworks */ = {
			isa = PBXFrameworksBuildPhase;
			buildActionMask = 2147483647;
			files = (
				C4D51212221BB15D00DBD06B /* libsqlite3.0.tbd in Frameworks */,
			);
			runOnlyForDeploymentPostprocessing = 0;
		};
/* End PBXFrameworksBuildPhase section */

/* Begin PBXGroup section */
		C4D511E2221BA2DF00DBD06B = {
			isa = PBXGroup;
			children = (
				C4D511ED221BA2DF00DBD06B /* BFSSQLite */,
				C4D511EC221BA2DF00DBD06B /* Products */,
				C4D5120B221BAD9400DBD06B /* Frameworks */,
			);
			sourceTree = "<group>";
		};
		C4D511EC221BA2DF00DBD06B /* Products */ = {
			isa = PBXGroup;
			children = (
				C4D511EB221BA2DF00DBD06B /* BFSSQLite.app */,
			);
			name = Products;
			sourceTree = "<group>";
		};
		C4D511ED221BA2DF00DBD06B /* BFSSQLite */ = {
			isa = PBXGroup;
			children = (
				C4D51207221BA31E00DBD06B /* Module */,
				C4D511EE221BA2DF00DBD06B /* AppDelegate.h */,
				C4D511EF221BA2DF00DBD06B /* AppDelegate.m */,
				C4D511F1221BA2DF00DBD06B /* ViewController.h */,
				C4D511F2221BA2DF00DBD06B /* ViewController.m */,
				C4D511F4221BA2DF00DBD06B /* Main.storyboard */,
				C4D511F7221BA2E700DBD06B /* Assets.xcassets */,
				C4D511F9221BA2E700DBD06B /* LaunchScreen.storyboard */,
				C4D511FC221BA2E700DBD06B /* Info.plist */,
				C4D511FD221BA2E700DBD06B /* main.m */,
			);
			path = BFSSQLite;
			sourceTree = "<group>";
		};
		C4D51207221BA31E00DBD06B /* Module */ = {
			isa = PBXGroup;
			children = (
				C4D51216221BB53A00DBD06B /* Database */,
				C4D51204221BA31800DBD06B /* BFsSQLiteAssistant.h */,
				C4D51205221BA31800DBD06B /* BFsSQLiteAssistant.m */,
				C4D51208221BA95C00DBD06B /* BFsSQLiteModel.h */,
				C4D51209221BA95C00DBD06B /* BFsSQLiteModel.m */,
			);
			path = Module;
			sourceTree = "<group>";
		};
		C4D5120B221BAD9400DBD06B /* Frameworks */ = {
			isa = PBXGroup;
			children = (
				C4D5120E221BB0ED00DBD06B /* libsqlite3.tbd */,
				C4D5120C221BAD9400DBD06B /* libsqlite3.0.tbd */,
			);
			name = Frameworks;
			sourceTree = "<group>";
		};
		C4D51216221BB53A00DBD06B /* Database */ = {
			isa = PBXGroup;
			children = (
				C4D5124A221BDBE400DBD06B /* Teacher+CoreDataClass.h */,
				C4D5124B221BDBE400DBD06B /* Teacher+CoreDataClass.m */,
				C4D5124C221BDBE400DBD06B /* Teacher+CoreDataProperties.h */,
				C4D5124D221BDBE400DBD06B /* Teacher+CoreDataProperties.m */,
				C4D51243221BDB1D00DBD06B /* Person+CoreDataClass.h */,
				C4D51244221BDB1D00DBD06B /* Person+CoreDataClass.m */,
				C4D51245221BDB1D00DBD06B /* Person+CoreDataProperties.h */,
				C4D51246221BDB1D00DBD06B /* Person+CoreDataProperties.m */,
				C4D5122E221BD89E00DBD06B /* BFsSchool.xcdatamodeld */,
			);
			path = Database;
			sourceTree = "<group>";
		};
/* End PBXGroup section */

/* Begin PBXNativeTarget section */
		C4D511EA221BA2DF00DBD06B /* BFSSQLite */ = {
			isa = PBXNativeTarget;
			buildConfigurationList = C4D51201221BA2E700DBD06B /* Build configuration list for PBXNativeTarget "BFSSQLite" */;
			buildPhases = (
				C4D511E7221BA2DF00DBD06B /* Sources */,
				C4D511E8221BA2DF00DBD06B /* Frameworks */,
				C4D511E9221BA2DF00DBD06B /* Resources */,
			);
			buildRules = (
			);
			dependencies = (
			);
			name = BFSSQLite;
			productName = BFSSQLite;
			productReference = C4D511EB221BA2DF00DBD06B /* BFSSQLite.app */;
			productType = "com.apple.product-type.application";
		};
/* End PBXNativeTarget section */

/* Begin PBXProject section */
		C4D511E3221BA2DF00DBD06B /* Project object */ = {
			isa = PBXProject;
			attributes = {
				LastUpgradeCheck = 1010;
				ORGANIZATIONNAME = BFS;
				TargetAttributes = {
					C4D511EA221BA2DF00DBD06B = {
						CreatedOnToolsVersion = 10.1;
						LastSwiftMigration = 1010;
					};
				};
			};
			buildConfigurationList = C4D511E6221BA2DF00DBD06B /* Build configuration list for PBXProject "BFSSQLite" */;
			compatibilityVersion = "Xcode 9.3";
			developmentRegion = en;
			hasScannedForEncodings = 0;
			knownRegions = (
				en,
				Base,
			);
			mainGroup = C4D511E2221BA2DF00DBD06B;
			productRefGroup = C4D511EC221BA2DF00DBD06B /* Products */;
			projectDirPath = "";
			projectRoot = "";
			targets = (
				C4D511EA221BA2DF00DBD06B /* BFSSQLite */,
			);
		};
/* End PBXProject section */

/* Begin PBXResourcesBuildPhase section */
		C4D511E9221BA2DF00DBD06B /* Resources */ = {
			isa = PBXResourcesBuildPhase;
			buildActionMask = 2147483647;
			files = (
				C4D511FB221BA2E700DBD06B /* LaunchScreen.storyboard in Resources */,
				C4D511F8221BA2E700DBD06B /* Assets.xcassets in Resources */,
				C4D511F6221BA2DF00DBD06B /* Main.storyboard in Resources */,
			);
			runOnlyForDeploymentPostprocessing = 0;
		};
/* End PBXResourcesBuildPhase section */

/* Begin PBXSourcesBuildPhase section */
		C4D511E7221BA2DF00DBD06B /* Sources */ = {
			isa = PBXSourcesBuildPhase;
			buildActionMask = 2147483647;
			files = (
				C4D51248221BDB1D00DBD06B /* Person+CoreDataProperties.m in Sources */,
				C4D511F3221BA2DF00DBD06B /* ViewController.m in Sources */,
				C4D511FE221BA2E700DBD06B /* main.m in Sources */,
				C4D51206221BA31800DBD06B /* BFsSQLiteAssistant.m in Sources */,
				C4D5124F221BDBE400DBD06B /* Teacher+CoreDataProperties.m in Sources */,
				C4D5124E221BDBE400DBD06B /* Teacher+CoreDataClass.m in Sources */,
				C4D511F0221BA2DF00DBD06B /* AppDelegate.m in Sources */,
				C4D5120A221BA95C00DBD06B /* BFsSQLiteModel.m in Sources */,
				C4D51247221BDB1D00DBD06B /* Person+CoreDataClass.m in Sources */,
				C4D51230221BD89E00DBD06B /* BFsSchool.xcdatamodeld in Sources */,
			);
			runOnlyForDeploymentPostprocessing = 0;
		};
/* End PBXSourcesBuildPhase section */

/* Begin PBXVariantGroup section */
		C4D511F4221BA2DF00DBD06B /* Main.storyboard */ = {
			isa = PBXVariantGroup;
			children = (
				C4D511F5221BA2DF00DBD06B /* Base */,
			);
			name = Main.storyboard;
			sourceTree = "<group>";
		};
		C4D511F9221BA2E700DBD06B /* LaunchScreen.storyboard */ = {
			isa = PBXVariantGroup;
			children = (
				C4D511FA221BA2E700DBD06B /* Base */,
			);
			name = LaunchScreen.storyboard;
			sourceTree = "<group>";
		};
/* End PBXVariantGroup section */

/* Begin XCBuildConfiguration section */
		C4D511FF221BA2E700DBD06B /* Debug */ = {
			isa = XCBuildConfiguration;
			buildSettings = {
				ALWAYS_SEARCH_USER_PATHS = NO;
				CLANG_ANALYZER_NONNULL = YES;
				CLANG_ANALYZER_NUMBER_OBJECT_CONVERSION = YES_AGGRESSIVE;
				CLANG_CXX_LANGUAGE_STANDARD = "gnu++14";
				CLANG_CXX_LIBRARY = "libc++";
				CLANG_ENABLE_MODULES = YES;
				CLANG_ENABLE_OBJC_ARC = YES;
				CLANG_ENABLE_OBJC_WEAK = YES;
				CLANG_WARN_BLOCK_CAPTURE_AUTORELEASING = YES;
				CLANG_WARN_BOOL_CONVERSION = YES;
				CLANG_WARN_COMMA = YES;
				CLANG_WARN_CONSTANT_CONVERSION = YES;
				CLANG_WARN_DEPRECATED_OBJC_IMPLEMENTATIONS = YES;
				CLANG_WARN_DIRECT_OBJC_ISA_USAGE = YES_ERROR;
				CLANG_WARN_DOCUMENTATION_COMMENTS = YES;
				CLANG_WARN_EMPTY_BODY = YES;
				CLANG_WARN_ENUM_CONVERSION = YES;
				CLANG_WARN_INFINITE_RECURSION = YES;
				CLANG_WARN_INT_CONVERSION = YES;
				CLANG_WARN_NON_LITERAL_NULL_CONVERSION = YES;
				CLANG_WARN_OBJC_IMPLICIT_RETAIN_SELF = YES;
				CLANG_WARN_OBJC_LITERAL_CONVERSION = YES;
				CLANG_WARN_OBJC_ROOT_CLASS = YES_ERROR;
				CLANG_WARN_RANGE_LOOP_ANALYSIS = YES;
				CLANG_WARN_STRICT_PROTOTYPES = YES;
				CLANG_WARN_SUSPICIOUS_MOVE = YES;
				CLANG_WARN_UNGUARDED_AVAILABILITY = YES_AGGRESSIVE;
				CLANG_WARN_UNREACHABLE_CODE = YES;
				CLANG_WARN__DUPLICATE_METHOD_MATCH = YES;
				CODE_SIGN_IDENTITY = "iPhone Developer";
				COPY_PHASE_STRIP = NO;
				DEBUG_INFORMATION_FORMAT = dwarf;
				ENABLE_STRICT_OBJC_MSGSEND = YES;
				ENABLE_TESTABILITY = YES;
				GCC_C_LANGUAGE_STANDARD = gnu11;
				GCC_DYNAMIC_NO_PIC = NO;
				GCC_NO_COMMON_BLOCKS = YES;
				GCC_OPTIMIZATION_LEVEL = 0;
				GCC_PREPROCESSOR_DEFINITIONS = (
					"DEBUG=1",
					"$(inherited)",
				);
				GCC_WARN_64_TO_32_BIT_CONVERSION = YES;
				GCC_WARN_ABOUT_RETURN_TYPE = YES_ERROR;
				GCC_WARN_UNDECLARED_SELECTOR = YES;
				GCC_WARN_UNINITIALIZED_AUTOS = YES_AGGRESSIVE;
				GCC_WARN_UNUSED_FUNCTION = YES;
				GCC_WARN_UNUSED_VARIABLE = YES;
				IPHONEOS_DEPLOYMENT_TARGET = 12.1;
				MTL_ENABLE_DEBUG_INFO = INCLUDE_SOURCE;
				MTL_FAST_MATH = YES;
				ONLY_ACTIVE_ARCH = YES;
				SDKROOT = iphoneos;
			};
			name = Debug;
		};
		C4D51200221BA2E700DBD06B /* Release */ = {
			isa = XCBuildConfiguration;
			buildSettings = {
				ALWAYS_SEARCH_USER_PATHS = NO;
				CLANG_ANALYZER_NONNULL = YES;
				CLANG_ANALYZER_NUMBER_OBJECT_CONVERSION = YES_AGGRESSIVE;
				CLANG_CXX_LANGUAGE_STANDARD = "gnu++14";
				CLANG_CXX_LIBRARY = "libc++";
				CLANG_ENABLE_MODULES = YES;
				CLANG_ENABLE_OBJC_ARC = YES;
				CLANG_ENABLE_OBJC_WEAK = YES;
				CLANG_WARN_BLOCK_CAPTURE_AUTORELEASING = YES;
				CLANG_WARN_BOOL_CONVERSION = YES;
				CLANG_WARN_COMMA = YES;
				CLANG_WARN_CONSTANT_CONVERSION = YES;
				CLANG_WARN_DEPRECATED_OBJC_IMPLEMENTATIONS = YES;
				CLANG_WARN_DIRECT_OBJC_ISA_USAGE = YES_ERROR;
				CLANG_WARN_DOCUMENTATION_COMMENTS = YES;
				CLANG_WARN_EMPTY_BODY = YES;
				CLANG_WARN_ENUM_CONVERSION = YES;
				CLANG_WARN_INFINITE_RECURSION = YES;
				CLANG_WARN_INT_CONVERSION = YES;
				CLANG_WARN_NON_LITERAL_NULL_CONVERSION = YES;
				CLANG_WARN_OBJC_IMPLICIT_RETAIN_SELF = YES;
				CLANG_WARN_OBJC_LITERAL_CONVERSION = YES;
				CLANG_WARN_OBJC_ROOT_CLASS = YES_ERROR;
				CLANG_WARN_RANGE_LOOP_ANALYSIS = YES;
				CLANG_WARN_STRICT_PROTOTYPES = YES;
				CLANG_WARN_SUSPICIOUS_MOVE = YES;
				CLANG_WARN_UNGUARDED_AVAILABILITY = YES_AGGRESSIVE;
				CLANG_WARN_UNREACHABLE_CODE = YES;
				CLANG_WARN__DUPLICATE_METHOD_MATCH = YES;
				CODE_SIGN_IDENTITY = "iPhone Developer";
				COPY_PHASE_STRIP = NO;
				DEBUG_INFORMATION_FORMAT = "dwarf-with-dsym";
				ENABLE_NS_ASSERTIONS = NO;
				ENABLE_STRICT_OBJC_MSGSEND = YES;
				GCC_C_LANGUAGE_STANDARD = gnu11;
				GCC_NO_COMMON_BLOCKS = YES;
				GCC_WARN_64_TO_32_BIT_CONVERSION = YES;
				GCC_WARN_ABOUT_RETURN_TYPE = YES_ERROR;
				GCC_WARN_UNDECLARED_SELECTOR = YES;
				GCC_WARN_UNINITIALIZED_AUTOS = YES_AGGRESSIVE;
				GCC_WARN_UNUSED_FUNCTION = YES;
				GCC_WARN_UNUSED_VARIABLE = YES;
				IPHONEOS_DEPLOYMENT_TARGET = 12.1;
				MTL_ENABLE_DEBUG_INFO = NO;
				MTL_FAST_MATH = YES;
				SDKROOT = iphoneos;
				VALIDATE_PRODUCT = YES;
			};
			name = Release;
		};
		C4D51202221BA2E700DBD06B /* Debug */ = {
			isa = XCBuildConfiguration;
			buildSettings = {
				ASSETCATALOG_COMPILER_APPICON_NAME = AppIcon;
				CLANG_ENABLE_MODULES = YES;
				CODE_SIGN_STYLE = Automatic;
				DEVELOPMENT_TEAM = 9V8N93HLK3;
				INFOPLIST_FILE = BFSSQLite/Info.plist;
				IPHONEOS_DEPLOYMENT_TARGET = 9.0;
				LD_RUNPATH_SEARCH_PATHS = (
					"$(inherited)",
					"@executable_path/Frameworks",
				);
				OTHER_LDFLAGS = "";
				PRODUCT_BUNDLE_IDENTIFIER = com.TestAppIDs.BFSSQLite;
				PRODUCT_NAME = "$(TARGET_NAME)";
				SWIFT_OPTIMIZATION_LEVEL = "-Onone";
				SWIFT_VERSION = 4.2;
				TARGETED_DEVICE_FAMILY = "1,2";
			};
			name = Debug;
		};
		C4D51203221BA2E700DBD06B /* Release */ = {
			isa = XCBuildConfiguration;
			buildSettings = {
				ASSETCATALOG_COMPILER_APPICON_NAME = AppIcon;
				CLANG_ENABLE_MODULES = YES;
				CODE_SIGN_STYLE = Automatic;
				DEVELOPMENT_TEAM = 9V8N93HLK3;
				INFOPLIST_FILE = BFSSQLite/Info.plist;
				IPHONEOS_DEPLOYMENT_TARGET = 9.0;
				LD_RUNPATH_SEARCH_PATHS = (
					"$(inherited)",
					"@executable_path/Frameworks",
				);
				OTHER_LDFLAGS = "";
				PRODUCT_BUNDLE_IDENTIFIER = com.TestAppIDs.BFSSQLite;
				PRODUCT_NAME = "$(TARGET_NAME)";
				SWIFT_VERSION = 4.2;
				TARGETED_DEVICE_FAMILY = "1,2";
			};
			name = Release;
		};
/* End XCBuildConfiguration section */

/* Begin XCConfigurationList section */
		C4D511E6221BA2DF00DBD06B /* Build configuration list for PBXProject "BFSSQLite" */ = {
			isa = XCConfigurationList;
			buildConfigurations = (
				C4D511FF221BA2E700DBD06B /* Debug */,
				C4D51200221BA2E700DBD06B /* Release */,
			);
			defaultConfigurationIsVisible = 0;
			defaultConfigurationName = Release;
		};
		C4D51201221BA2E700DBD06B /* Build configuration list for PBXNativeTarget "BFSSQLite" */ = {
			isa = XCConfigurationList;
			buildConfigurations = (
				C4D51202221BA2E700DBD06B /* Debug */,
				C4D51203221BA2E700DBD06B /* Release */,
			);
			defaultConfigurationIsVisible = 0;
			defaultConfigurationName = Release;
		};
/* End XCConfigurationList section */

/* Begin XCVersionGroup section */
		C4D5122E221BD89E00DBD06B /* BFsSchool.xcdatamodeld */ = {
			isa = XCVersionGroup;
			children = (
				C4D51249221BDB7700DBD06B /* BFsSchool 2.xcdatamodel */,
				C4D5122F221BD89E00DBD06B /* BFsSchool.xcdatamodel */,
			);
			currentVersion = C4D51249221BDB7700DBD06B /* BFsSchool 2.xcdatamodel */;
			path = BFsSchool.xcdatamodeld;
			sourceTree = "<group>";
			versionGroupType = wrapper.xcdatamodel;
		};
/* End XCVersionGroup section */
	};
	rootObject = C4D511E3221BA2DF00DBD06B /* Project object */;
}
